// !$*UTF8*$!
{
	archiveVersion = 1;
	classes = {
	};
	objectVersion = 54;
	objects = {

/* Begin PBXBuildFile section */
		058557BB273AAA24004C7B11 /* Assets.xcassets in Resources */ = {isa = PBXBuildFile; fileRef = 058557BA273AAA24004C7B11 /* Assets.xcassets */; };
		058557D9273AAEEB004C7B11 /* Preview Assets.xcassets in Resources */ = {isa = PBXBuildFile; fileRef = 058557D8273AAEEB004C7B11 /* Preview Assets.xcassets */; };
		2152FB042600AC8F00CF470E /* iOSApp.swift in Sources */ = {isa = PBXBuildFile; fileRef = 2152FB032600AC8F00CF470E /* iOSApp.swift */; };
		FBBB7BCA2C9FA82D00FA5071 /* ProfileView.swift in Sources */ = {isa = PBXBuildFile; fileRef = FBBB7BC92C9FA82D00FA5071 /* ProfileView.swift */; };
		FBBB7BCC2C9FA83800FA5071 /* HomeCoinRankView.swift in Sources */ = {isa = PBXBuildFile; fileRef = FBBB7BCB2C9FA83800FA5071 /* HomeCoinRankView.swift */; };
		FBBB7BCF2C9FA87F00FA5071 /* MainRootView.swift in Sources */ = {isa = PBXBuildFile; fileRef = FBBB7BCE2C9FA87F00FA5071 /* MainRootView.swift */; };
		FBBB7BD22C9FA8EF00FA5071 /* TabNames.swift in Sources */ = {isa = PBXBuildFile; fileRef = FBBB7BD12C9FA8EF00FA5071 /* TabNames.swift */; };
		FBBB7BD52C9FAA7C00FA5071 /* CustomTabBarView.swift in Sources */ = {isa = PBXBuildFile; fileRef = FBBB7BD42C9FAA7C00FA5071 /* CustomTabBarView.swift */; };
		FBBB7BD82C9FC02D00FA5071 /* CoordinatorView.swift in Sources */ = {isa = PBXBuildFile; fileRef = FBBB7BD72C9FC02D00FA5071 /* CoordinatorView.swift */; };
		FBBB7BDB2C9FC07000FA5071 /* AppCoordinator.swift in Sources */ = {isa = PBXBuildFile; fileRef = FBBB7BDA2C9FC07000FA5071 /* AppCoordinator.swift */; };
		FBBB7BDE2C9FC12B00FA5071 /* SuccessSheetView.swift in Sources */ = {isa = PBXBuildFile; fileRef = FBBB7BDD2C9FC12B00FA5071 /* SuccessSheetView.swift */; };
		FBBB7BE42C9FCCC700FA5071 /* Color.swift in Sources */ = {isa = PBXBuildFile; fileRef = FBBB7BE32C9FCCC700FA5071 /* Color.swift */; };
		FBBB7BE62C9FCCFF00FA5071 /* Constants.swift in Sources */ = {isa = PBXBuildFile; fileRef = FBBB7BE52C9FCCFF00FA5071 /* Constants.swift */; };
		FBBB7BE82C9FCD6300FA5071 /* Image.swift in Sources */ = {isa = PBXBuildFile; fileRef = FBBB7BE72C9FCD6300FA5071 /* Image.swift */; };
		FBBB7BEB2C9FCDE000FA5071 /* Colors.xcassets in Resources */ = {isa = PBXBuildFile; fileRef = FBBB7BEA2C9FCDE000FA5071 /* Colors.xcassets */; };
		FBBB7BEE2C9FD65E00FA5071 /* TopRankCoinItemView.swift in Sources */ = {isa = PBXBuildFile; fileRef = FBBB7BED2C9FD65E00FA5071 /* TopRankCoinItemView.swift */; };
		FBBB7BF12C9FD6CC00FA5071 /* Fonts.swift in Sources */ = {isa = PBXBuildFile; fileRef = FBBB7BF02C9FD6CC00FA5071 /* Fonts.swift */; };
		FBBB7BF32C9FD7A200FA5071 /* ChangeVolumeTextView.swift in Sources */ = {isa = PBXBuildFile; fileRef = FBBB7BF22C9FD7A200FA5071 /* ChangeVolumeTextView.swift */; };
		FBBB7BF52C9FD7D000FA5071 /* Double.swift in Sources */ = {isa = PBXBuildFile; fileRef = FBBB7BF42C9FD7D000FA5071 /* Double.swift */; };
		FBBB7BF72C9FD7E300FA5071 /* String.swift in Sources */ = {isa = PBXBuildFile; fileRef = FBBB7BF62C9FD7E300FA5071 /* String.swift */; };
		FBBB7BFC2C9FDCAE00FA5071 /* SDWebImage in Frameworks */ = {isa = PBXBuildFile; productRef = FBBB7BFB2C9FDCAE00FA5071 /* SDWebImage */; };
		FBBB7BFE2C9FDCAE00FA5071 /* SDWebImageMapKit in Frameworks */ = {isa = PBXBuildFile; productRef = FBBB7BFD2C9FDCAE00FA5071 /* SDWebImageMapKit */; };
		FBBB7C012C9FDD4400FA5071 /* SDWebImageSwiftUI in Frameworks */ = {isa = PBXBuildFile; productRef = FBBB7C002C9FDD4400FA5071 /* SDWebImageSwiftUI */; };
		FBBB7C042C9FDD8600FA5071 /* SDWebImageSVGCoder in Frameworks */ = {isa = PBXBuildFile; productRef = FBBB7C032C9FDD8600FA5071 /* SDWebImageSVGCoder */; };
		FBBB7C062C9FDDC700FA5071 /* View.swift in Sources */ = {isa = PBXBuildFile; fileRef = FBBB7C052C9FDDC700FA5071 /* View.swift */; };
		FBBB7C112CA029EC00FA5071 /* CoinItemView.swift in Sources */ = {isa = PBXBuildFile; fileRef = FBBB7C102CA029EC00FA5071 /* CoinItemView.swift */; };
		FBBB7C142CA031F200FA5071 /* KMPNativeCoroutinesAsync in Frameworks */ = {isa = PBXBuildFile; productRef = FBBB7C132CA031F200FA5071 /* KMPNativeCoroutinesAsync */; };
		FBBB7C162CA031F200FA5071 /* KMPNativeCoroutinesCombine in Frameworks */ = {isa = PBXBuildFile; productRef = FBBB7C152CA031F200FA5071 /* KMPNativeCoroutinesCombine */; };
		FBBB7C182CA031F200FA5071 /* KMPNativeCoroutinesCore in Frameworks */ = {isa = PBXBuildFile; productRef = FBBB7C172CA031F200FA5071 /* KMPNativeCoroutinesCore */; };
		FBBB7C1A2CA031F200FA5071 /* KMPNativeCoroutinesRxSwift in Frameworks */ = {isa = PBXBuildFile; productRef = FBBB7C192CA031F200FA5071 /* KMPNativeCoroutinesRxSwift */; };
		FBBB7C1D2CA03E7D00FA5071 /* KMPObservableViewModelCore in Frameworks */ = {isa = PBXBuildFile; productRef = FBBB7C1C2CA03E7D00FA5071 /* KMPObservableViewModelCore */; };
		FBBB7C1F2CA03E7E00FA5071 /* KMPObservableViewModelSwiftUI in Frameworks */ = {isa = PBXBuildFile; productRef = FBBB7C1E2CA03E7E00FA5071 /* KMPObservableViewModelSwiftUI */; };
		FBBB7C212CA0442500FA5071 /* KMPObservableViewModel.swift in Sources */ = {isa = PBXBuildFile; fileRef = FBBB7C202CA0442500FA5071 /* KMPObservableViewModel.swift */; };
/* End PBXBuildFile section */

/* Begin PBXCopyFilesBuildPhase section */
		7555FFB4242A642300829871 /* Embed Frameworks */ = {
			isa = PBXCopyFilesBuildPhase;
			buildActionMask = 2147483647;
			dstPath = "";
			dstSubfolderSpec = 10;
			files = (
			);
			name = "Embed Frameworks";
			runOnlyForDeploymentPostprocessing = 0;
		};
/* End PBXCopyFilesBuildPhase section */

/* Begin PBXFileReference section */
		058557BA273AAA24004C7B11 /* Assets.xcassets */ = {isa = PBXFileReference; lastKnownFileType = folder.assetcatalog; path = Assets.xcassets; sourceTree = "<group>"; };
		058557D8273AAEEB004C7B11 /* Preview Assets.xcassets */ = {isa = PBXFileReference; lastKnownFileType = folder.assetcatalog; path = "Preview Assets.xcassets"; sourceTree = "<group>"; };
		2152FB032600AC8F00CF470E /* iOSApp.swift */ = {isa = PBXFileReference; lastKnownFileType = sourcecode.swift; path = iOSApp.swift; sourceTree = "<group>"; };
		7555FF7B242A565900829871 /* iosApp.app */ = {isa = PBXFileReference; explicitFileType = wrapper.application; includeInIndex = 0; path = iosApp.app; sourceTree = BUILT_PRODUCTS_DIR; };
		7555FF8C242A565B00829871 /* Info.plist */ = {isa = PBXFileReference; lastKnownFileType = text.plist.xml; path = Info.plist; sourceTree = "<group>"; };
		FBBB7BC92C9FA82D00FA5071 /* ProfileView.swift */ = {isa = PBXFileReference; lastKnownFileType = sourcecode.swift; path = ProfileView.swift; sourceTree = "<group>"; };
		FBBB7BCB2C9FA83800FA5071 /* HomeCoinRankView.swift */ = {isa = PBXFileReference; lastKnownFileType = sourcecode.swift; path = HomeCoinRankView.swift; sourceTree = "<group>"; };
		FBBB7BCE2C9FA87F00FA5071 /* MainRootView.swift */ = {isa = PBXFileReference; lastKnownFileType = sourcecode.swift; path = MainRootView.swift; sourceTree = "<group>"; };
		FBBB7BD12C9FA8EF00FA5071 /* TabNames.swift */ = {isa = PBXFileReference; lastKnownFileType = sourcecode.swift; path = TabNames.swift; sourceTree = "<group>"; };
		FBBB7BD42C9FAA7C00FA5071 /* CustomTabBarView.swift */ = {isa = PBXFileReference; lastKnownFileType = sourcecode.swift; path = CustomTabBarView.swift; sourceTree = "<group>"; };
		FBBB7BD72C9FC02D00FA5071 /* CoordinatorView.swift */ = {isa = PBXFileReference; lastKnownFileType = sourcecode.swift; path = CoordinatorView.swift; sourceTree = "<group>"; };
		FBBB7BDA2C9FC07000FA5071 /* AppCoordinator.swift */ = {isa = PBXFileReference; lastKnownFileType = sourcecode.swift; path = AppCoordinator.swift; sourceTree = "<group>"; };
		FBBB7BDD2C9FC12B00FA5071 /* SuccessSheetView.swift */ = {isa = PBXFileReference; lastKnownFileType = sourcecode.swift; path = SuccessSheetView.swift; sourceTree = "<group>"; };
		FBBB7BE32C9FCCC700FA5071 /* Color.swift */ = {isa = PBXFileReference; lastKnownFileType = sourcecode.swift; path = Color.swift; sourceTree = "<group>"; };
		FBBB7BE52C9FCCFF00FA5071 /* Constants.swift */ = {isa = PBXFileReference; lastKnownFileType = sourcecode.swift; path = Constants.swift; sourceTree = "<group>"; };
		FBBB7BE72C9FCD6300FA5071 /* Image.swift */ = {isa = PBXFileReference; lastKnownFileType = sourcecode.swift; path = Image.swift; sourceTree = "<group>"; };
		FBBB7BEA2C9FCDE000FA5071 /* Colors.xcassets */ = {isa = PBXFileReference; lastKnownFileType = folder.assetcatalog; path = Colors.xcassets; sourceTree = "<group>"; };
		FBBB7BED2C9FD65E00FA5071 /* TopRankCoinItemView.swift */ = {isa = PBXFileReference; lastKnownFileType = sourcecode.swift; path = TopRankCoinItemView.swift; sourceTree = "<group>"; };
		FBBB7BF02C9FD6CC00FA5071 /* Fonts.swift */ = {isa = PBXFileReference; lastKnownFileType = sourcecode.swift; path = Fonts.swift; sourceTree = "<group>"; };
		FBBB7BF22C9FD7A200FA5071 /* ChangeVolumeTextView.swift */ = {isa = PBXFileReference; lastKnownFileType = sourcecode.swift; path = ChangeVolumeTextView.swift; sourceTree = "<group>"; };
		FBBB7BF42C9FD7D000FA5071 /* Double.swift */ = {isa = PBXFileReference; lastKnownFileType = sourcecode.swift; path = Double.swift; sourceTree = "<group>"; };
		FBBB7BF62C9FD7E300FA5071 /* String.swift */ = {isa = PBXFileReference; lastKnownFileType = sourcecode.swift; path = String.swift; sourceTree = "<group>"; };
		FBBB7C052C9FDDC700FA5071 /* View.swift */ = {isa = PBXFileReference; lastKnownFileType = sourcecode.swift; path = View.swift; sourceTree = "<group>"; };
		FBBB7C102CA029EC00FA5071 /* CoinItemView.swift */ = {isa = PBXFileReference; lastKnownFileType = sourcecode.swift; path = CoinItemView.swift; sourceTree = "<group>"; };
		FBBB7C202CA0442500FA5071 /* KMPObservableViewModel.swift */ = {isa = PBXFileReference; lastKnownFileType = sourcecode.swift; path = KMPObservableViewModel.swift; sourceTree = "<group>"; };
/* End PBXFileReference section */

/* Begin PBXFrameworksBuildPhase section */
		7555FF78242A565900829871 /* Frameworks */ = {
			isa = PBXFrameworksBuildPhase;
			buildActionMask = 2147483647;
			files = (
				FBBB7C012C9FDD4400FA5071 /* SDWebImageSwiftUI in Frameworks */,
				FBBB7BFE2C9FDCAE00FA5071 /* SDWebImageMapKit in Frameworks */,
				FBBB7C182CA031F200FA5071 /* KMPNativeCoroutinesCore in Frameworks */,
				FBBB7C1A2CA031F200FA5071 /* KMPNativeCoroutinesRxSwift in Frameworks */,
				FBBB7BFC2C9FDCAE00FA5071 /* SDWebImage in Frameworks */,
				FBBB7C1F2CA03E7E00FA5071 /* KMPObservableViewModelSwiftUI in Frameworks */,
				FBBB7C162CA031F200FA5071 /* KMPNativeCoroutinesCombine in Frameworks */,
				FBBB7C142CA031F200FA5071 /* KMPNativeCoroutinesAsync in Frameworks */,
				FBBB7C042C9FDD8600FA5071 /* SDWebImageSVGCoder in Frameworks */,
				FBBB7C1D2CA03E7D00FA5071 /* KMPObservableViewModelCore in Frameworks */,
			);
			runOnlyForDeploymentPostprocessing = 0;
		};
/* End PBXFrameworksBuildPhase section */

/* Begin PBXGroup section */
		058557D7273AAEEB004C7B11 /* Preview Content */ = {
			isa = PBXGroup;
			children = (
				058557D8273AAEEB004C7B11 /* Preview Assets.xcassets */,
			);
			path = "Preview Content";
			sourceTree = "<group>";
		};
		7555FF72242A565900829871 = {
			isa = PBXGroup;
			children = (
				7555FF7D242A565900829871 /* iosApp */,
				7555FF7C242A565900829871 /* Products */,
				7555FFB0242A642200829871 /* Frameworks */,
			);
			sourceTree = "<group>";
		};
		7555FF7C242A565900829871 /* Products */ = {
			isa = PBXGroup;
			children = (
				7555FF7B242A565900829871 /* iosApp.app */,
			);
			name = Products;
			sourceTree = "<group>";
		};
		7555FF7D242A565900829871 /* iosApp */ = {
			isa = PBXGroup;
			children = (
				FBBB7BEF2C9FD69E00FA5071 /* Utils */,
				FBBB7BEC2C9FD63A00FA5071 /* ComponentsView */,
				FBBB7BC52C9FA7B900FA5071 /* CommonViews */,
				FBBB7BD92C9FC04000FA5071 /* Coordinator */,
				FBBB7BC42C9FA76A00FA5071 /* Scenes */,
				FBBB7BD62C9FBFCC00FA5071 /* App */,
				FBBB7BE92C9FCD9C00FA5071 /* Resource */,
				7555FF8C242A565B00829871 /* Info.plist */,
				058557D7273AAEEB004C7B11 /* Preview Content */,
			);
			path = iosApp;
			sourceTree = "<group>";
		};
		7555FFB0242A642200829871 /* Frameworks */ = {
			isa = PBXGroup;
			children = (
			);
			name = Frameworks;
			sourceTree = "<group>";
		};
		FBBB7BC42C9FA76A00FA5071 /* Scenes */ = {
			isa = PBXGroup;
			children = (
				FBBB7BC62C9FA7EE00FA5071 /* HomeCoinRank */,
				FBBB7BC72C9FA80500FA5071 /* Profile */,
				FBBB7BCD2C9FA86300FA5071 /* MainRoot */,
				FBBB7BDC2C9FC10900FA5071 /* SuccessSheet */,
			);
			path = Scenes;
			sourceTree = "<group>";
		};
		FBBB7BC52C9FA7B900FA5071 /* CommonViews */ = {
			isa = PBXGroup;
			children = (
				FBBB7BD32C9FAA7000FA5071 /* CustomTabBar */,
			);
			path = CommonViews;
			sourceTree = "<group>";
		};
		FBBB7BC62C9FA7EE00FA5071 /* HomeCoinRank */ = {
			isa = PBXGroup;
			children = (
				FBBB7BCB2C9FA83800FA5071 /* HomeCoinRankView.swift */,
			);
			path = HomeCoinRank;
			sourceTree = "<group>";
		};
		FBBB7BC72C9FA80500FA5071 /* Profile */ = {
			isa = PBXGroup;
			children = (
				FBBB7BC92C9FA82D00FA5071 /* ProfileView.swift */,
			);
			path = Profile;
			sourceTree = "<group>";
		};
		FBBB7BCD2C9FA86300FA5071 /* MainRoot */ = {
			isa = PBXGroup;
			children = (
				FBBB7BCE2C9FA87F00FA5071 /* MainRootView.swift */,
			);
			path = MainRoot;
			sourceTree = "<group>";
		};
		FBBB7BD02C9FA8DB00FA5071 /* Constants */ = {
			isa = PBXGroup;
			children = (
				FBBB7BD12C9FA8EF00FA5071 /* TabNames.swift */,
				FBBB7BE52C9FCCFF00FA5071 /* Constants.swift */,
			);
			path = Constants;
			sourceTree = "<group>";
		};
		FBBB7BD32C9FAA7000FA5071 /* CustomTabBar */ = {
			isa = PBXGroup;
			children = (
				FBBB7BD42C9FAA7C00FA5071 /* CustomTabBarView.swift */,
			);
			path = CustomTabBar;
			sourceTree = "<group>";
		};
		FBBB7BD62C9FBFCC00FA5071 /* App */ = {
			isa = PBXGroup;
			children = (
				2152FB032600AC8F00CF470E /* iOSApp.swift */,
				FBBB7C202CA0442500FA5071 /* KMPObservableViewModel.swift */,
			);
			path = App;
			sourceTree = "<group>";
		};
		FBBB7BD92C9FC04000FA5071 /* Coordinator */ = {
			isa = PBXGroup;
			children = (
				FBBB7BD72C9FC02D00FA5071 /* CoordinatorView.swift */,
				FBBB7BDA2C9FC07000FA5071 /* AppCoordinator.swift */,
			);
			path = Coordinator;
			sourceTree = "<group>";
		};
		FBBB7BDC2C9FC10900FA5071 /* SuccessSheet */ = {
			isa = PBXGroup;
			children = (
				FBBB7BDD2C9FC12B00FA5071 /* SuccessSheetView.swift */,
			);
			path = SuccessSheet;
			sourceTree = "<group>";
		};
		FBBB7BE22C9FCCB800FA5071 /* Extension */ = {
			isa = PBXGroup;
			children = (
				FBBB7BE32C9FCCC700FA5071 /* Color.swift */,
				FBBB7BE72C9FCD6300FA5071 /* Image.swift */,
				FBBB7BF42C9FD7D000FA5071 /* Double.swift */,
				FBBB7BF62C9FD7E300FA5071 /* String.swift */,
				FBBB7C052C9FDDC700FA5071 /* View.swift */,
			);
			path = Extension;
			sourceTree = "<group>";
		};
		FBBB7BE92C9FCD9C00FA5071 /* Resource */ = {
			isa = PBXGroup;
			children = (
				058557BA273AAA24004C7B11 /* Assets.xcassets */,
				FBBB7BEA2C9FCDE000FA5071 /* Colors.xcassets */,
			);
			path = Resource;
			sourceTree = "<group>";
		};
		FBBB7BEC2C9FD63A00FA5071 /* ComponentsView */ = {
			isa = PBXGroup;
			children = (
				FBBB7BED2C9FD65E00FA5071 /* TopRankCoinItemView.swift */,
				FBBB7BF22C9FD7A200FA5071 /* ChangeVolumeTextView.swift */,
				FBBB7C102CA029EC00FA5071 /* CoinItemView.swift */,
			);
			path = ComponentsView;
			sourceTree = "<group>";
		};
		FBBB7BEF2C9FD69E00FA5071 /* Utils */ = {
			isa = PBXGroup;
			children = (
				FBBB7BD02C9FA8DB00FA5071 /* Constants */,
				FBBB7BF82C9FD83B00FA5071 /* Fonts */,
				FBBB7BE22C9FCCB800FA5071 /* Extension */,
			);
			path = Utils;
			sourceTree = "<group>";
		};
		FBBB7BF82C9FD83B00FA5071 /* Fonts */ = {
			isa = PBXGroup;
			children = (
				FBBB7BF02C9FD6CC00FA5071 /* Fonts.swift */,
			);
			path = Fonts;
			sourceTree = "<group>";
		};
/* End PBXGroup section */

/* Begin PBXNativeTarget section */
		7555FF7A242A565900829871 /* iosApp */ = {
			isa = PBXNativeTarget;
			buildConfigurationList = 7555FFA5242A565B00829871 /* Build configuration list for PBXNativeTarget "iosApp" */;
			buildPhases = (
				7555FFB5242A651A00829871 /* ShellScript */,
				7555FF77242A565900829871 /* Sources */,
				7555FF78242A565900829871 /* Frameworks */,
				7555FF79242A565900829871 /* Resources */,
				7555FFB4242A642300829871 /* Embed Frameworks */,
			);
			buildRules = (
			);
			dependencies = (
			);
			name = iosApp;
			packageProductDependencies = (
				FBBB7BFB2C9FDCAE00FA5071 /* SDWebImage */,
				FBBB7BFD2C9FDCAE00FA5071 /* SDWebImageMapKit */,
				FBBB7C002C9FDD4400FA5071 /* SDWebImageSwiftUI */,
				FBBB7C032C9FDD8600FA5071 /* SDWebImageSVGCoder */,
				FBBB7C132CA031F200FA5071 /* KMPNativeCoroutinesAsync */,
				FBBB7C152CA031F200FA5071 /* KMPNativeCoroutinesCombine */,
				FBBB7C172CA031F200FA5071 /* KMPNativeCoroutinesCore */,
				FBBB7C192CA031F200FA5071 /* KMPNativeCoroutinesRxSwift */,
				FBBB7C1C2CA03E7D00FA5071 /* KMPObservableViewModelCore */,
				FBBB7C1E2CA03E7E00FA5071 /* KMPObservableViewModelSwiftUI */,
			);
			productName = iosApp;
			productReference = 7555FF7B242A565900829871 /* iosApp.app */;
			productType = "com.apple.product-type.application";
		};
/* End PBXNativeTarget section */

/* Begin PBXProject section */
		7555FF73242A565900829871 /* Project object */ = {
			isa = PBXProject;
			attributes = {
				LastSwiftUpdateCheck = 1130;
				LastUpgradeCheck = 1130;
				ORGANIZATIONNAME = orgName;
				TargetAttributes = {
					7555FF7A242A565900829871 = {
						CreatedOnToolsVersion = 11.3.1;
					};
				};
			};
			buildConfigurationList = 7555FF76242A565900829871 /* Build configuration list for PBXProject "iosApp" */;
			compatibilityVersion = "Xcode 9.3";
			developmentRegion = en;
			hasScannedForEncodings = 0;
			knownRegions = (
				en,
				Base,
			);
			mainGroup = 7555FF72242A565900829871;
			packageReferences = (
				FBBB7BFA2C9FDCAE00FA5071 /* XCRemoteSwiftPackageReference "SDWebImage" */,
				FBBB7BFF2C9FDD4400FA5071 /* XCRemoteSwiftPackageReference "SDWebImageSwiftUI" */,
				FBBB7C022C9FDD8600FA5071 /* XCRemoteSwiftPackageReference "SDWebImageSVGCoder" */,
				FBBB7C122CA031F200FA5071 /* XCRemoteSwiftPackageReference "KMP-NativeCoroutines" */,
				FBBB7C1B2CA03E7D00FA5071 /* XCRemoteSwiftPackageReference "KMP-ObservableViewModel" */,
			);
			productRefGroup = 7555FF7C242A565900829871 /* Products */;
			projectDirPath = "";
			projectRoot = "";
			targets = (
				7555FF7A242A565900829871 /* iosApp */,
			);
		};
/* End PBXProject section */

/* Begin PBXResourcesBuildPhase section */
		7555FF79242A565900829871 /* Resources */ = {
			isa = PBXResourcesBuildPhase;
			buildActionMask = 2147483647;
			files = (
				FBBB7BEB2C9FCDE000FA5071 /* Colors.xcassets in Resources */,
				058557D9273AAEEB004C7B11 /* Preview Assets.xcassets in Resources */,
				058557BB273AAA24004C7B11 /* Assets.xcassets in Resources */,
			);
			runOnlyForDeploymentPostprocessing = 0;
		};
/* End PBXResourcesBuildPhase section */

/* Begin PBXShellScriptBuildPhase section */
		7555FFB5242A651A00829871 /* ShellScript */ = {
			isa = PBXShellScriptBuildPhase;
			buildActionMask = 2147483647;
			files = (
			);
			inputFileListPaths = (
			);
			inputPaths = (
			);
			outputFileListPaths = (
			);
			outputPaths = (
			);
			runOnlyForDeploymentPostprocessing = 0;
			shellPath = /bin/sh;
			shellScript = "cd \"$SRCROOT/..\"\n./gradlew :shared:embedAndSignAppleFrameworkForXcode\n";
		};
/* End PBXShellScriptBuildPhase section */

/* Begin PBXSourcesBuildPhase section */
		7555FF77242A565900829871 /* Sources */ = {
			isa = PBXSourcesBuildPhase;
			buildActionMask = 2147483647;
			files = (
				FBBB7BF12C9FD6CC00FA5071 /* Fonts.swift in Sources */,
				FBBB7BF32C9FD7A200FA5071 /* ChangeVolumeTextView.swift in Sources */,
				FBBB7C112CA029EC00FA5071 /* CoinItemView.swift in Sources */,
				FBBB7BF52C9FD7D000FA5071 /* Double.swift in Sources */,
				FBBB7C212CA0442500FA5071 /* KMPObservableViewModel.swift in Sources */,
				FBBB7BD52C9FAA7C00FA5071 /* CustomTabBarView.swift in Sources */,
				FBBB7BE42C9FCCC700FA5071 /* Color.swift in Sources */,
				FBBB7BD82C9FC02D00FA5071 /* CoordinatorView.swift in Sources */,
				2152FB042600AC8F00CF470E /* iOSApp.swift in Sources */,
				FBBB7BCA2C9FA82D00FA5071 /* ProfileView.swift in Sources */,
				FBBB7BE82C9FCD6300FA5071 /* Image.swift in Sources */,
				FBBB7BEE2C9FD65E00FA5071 /* TopRankCoinItemView.swift in Sources */,
				FBBB7BDE2C9FC12B00FA5071 /* SuccessSheetView.swift in Sources */,
				FBBB7BDB2C9FC07000FA5071 /* AppCoordinator.swift in Sources */,
				FBBB7BD22C9FA8EF00FA5071 /* TabNames.swift in Sources */,
				FBBB7BCC2C9FA83800FA5071 /* HomeCoinRankView.swift in Sources */,
				FBBB7C062C9FDDC700FA5071 /* View.swift in Sources */,
				FBBB7BF72C9FD7E300FA5071 /* String.swift in Sources */,
				FBBB7BCF2C9FA87F00FA5071 /* MainRootView.swift in Sources */,
				FBBB7BE62C9FCCFF00FA5071 /* Constants.swift in Sources */,
			);
			runOnlyForDeploymentPostprocessing = 0;
		};
/* End PBXSourcesBuildPhase section */

/* Begin XCBuildConfiguration section */
		7555FFA3242A565B00829871 /* Debug */ = {
			isa = XCBuildConfiguration;
			buildSettings = {
				ALWAYS_SEARCH_USER_PATHS = NO;
				CLANG_ANALYZER_NONNULL = YES;
				CLANG_ANALYZER_NUMBER_OBJECT_CONVERSION = YES_AGGRESSIVE;
				CLANG_CXX_LANGUAGE_STANDARD = "gnu++14";
				CLANG_CXX_LIBRARY = "libc++";
				CLANG_ENABLE_MODULES = YES;
				CLANG_ENABLE_OBJC_ARC = YES;
				CLANG_ENABLE_OBJC_WEAK = YES;
				CLANG_WARN_BLOCK_CAPTURE_AUTORELEASING = YES;
				CLANG_WARN_BOOL_CONVERSION = YES;
				CLANG_WARN_COMMA = YES;
				CLANG_WARN_CONSTANT_CONVERSION = YES;
				CLANG_WARN_DEPRECATED_OBJC_IMPLEMENTATIONS = YES;
				CLANG_WARN_DIRECT_OBJC_ISA_USAGE = YES_ERROR;
				CLANG_WARN_DOCUMENTATION_COMMENTS = YES;
				CLANG_WARN_EMPTY_BODY = YES;
				CLANG_WARN_ENUM_CONVERSION = YES;
				CLANG_WARN_INFINITE_RECURSION = YES;
				CLANG_WARN_INT_CONVERSION = YES;
				CLANG_WARN_NON_LITERAL_NULL_CONVERSION = YES;
				CLANG_WARN_OBJC_IMPLICIT_RETAIN_SELF = YES;
				CLANG_WARN_OBJC_LITERAL_CONVERSION = YES;
				CLANG_WARN_OBJC_ROOT_CLASS = YES_ERROR;
				CLANG_WARN_QUOTED_INCLUDE_IN_FRAMEWORK_HEADER = YES;
				CLANG_WARN_RANGE_LOOP_ANALYSIS = YES;
				CLANG_WARN_STRICT_PROTOTYPES = YES;
				CLANG_WARN_SUSPICIOUS_MOVE = YES;
				CLANG_WARN_UNGUARDED_AVAILABILITY = YES_AGGRESSIVE;
				CLANG_WARN_UNREACHABLE_CODE = YES;
				CLANG_WARN__DUPLICATE_METHOD_MATCH = YES;
				COPY_PHASE_STRIP = NO;
				DEBUG_INFORMATION_FORMAT = "dwarf-with-dsym";
				ENABLE_STRICT_OBJC_MSGSEND = YES;
				ENABLE_TESTABILITY = YES;
				GCC_C_LANGUAGE_STANDARD = gnu11;
				GCC_DYNAMIC_NO_PIC = NO;
				GCC_NO_COMMON_BLOCKS = YES;
				GCC_OPTIMIZATION_LEVEL = 0;
				GCC_PREPROCESSOR_DEFINITIONS = (
					"DEBUG=1",
					"$(inherited)",
				);
				GCC_WARN_64_TO_32_BIT_CONVERSION = YES;
				GCC_WARN_ABOUT_RETURN_TYPE = YES_ERROR;
				GCC_WARN_UNDECLARED_SELECTOR = YES;
				GCC_WARN_UNINITIALIZED_AUTOS = YES_AGGRESSIVE;
				GCC_WARN_UNUSED_FUNCTION = YES;
				GCC_WARN_UNUSED_VARIABLE = YES;
				IPHONEOS_DEPLOYMENT_TARGET = 14.1;
				MTL_ENABLE_DEBUG_INFO = INCLUDE_SOURCE;
				MTL_FAST_MATH = YES;
				ONLY_ACTIVE_ARCH = YES;
				SDKROOT = iphoneos;
				SWIFT_ACTIVE_COMPILATION_CONDITIONS = DEBUG;
				SWIFT_OPTIMIZATION_LEVEL = "-Onone";
			};
			name = Debug;
		};
		7555FFA4242A565B00829871 /* Release */ = {
			isa = XCBuildConfiguration;
			buildSettings = {
				ALWAYS_SEARCH_USER_PATHS = NO;
				CLANG_ANALYZER_NONNULL = YES;
				CLANG_ANALYZER_NUMBER_OBJECT_CONVERSION = YES_AGGRESSIVE;
				CLANG_CXX_LANGUAGE_STANDARD = "gnu++14";
				CLANG_CXX_LIBRARY = "libc++";
				CLANG_ENABLE_MODULES = YES;
				CLANG_ENABLE_OBJC_ARC = YES;
				CLANG_ENABLE_OBJC_WEAK = YES;
				CLANG_WARN_BLOCK_CAPTURE_AUTORELEASING = YES;
				CLANG_WARN_BOOL_CONVERSION = YES;
				CLANG_WARN_COMMA = YES;
				CLANG_WARN_CONSTANT_CONVERSION = YES;
				CLANG_WARN_DEPRECATED_OBJC_IMPLEMENTATIONS = YES;
				CLANG_WARN_DIRECT_OBJC_ISA_USAGE = YES_ERROR;
				CLANG_WARN_DOCUMENTATION_COMMENTS = YES;
				CLANG_WARN_EMPTY_BODY = YES;
				CLANG_WARN_ENUM_CONVERSION = YES;
				CLANG_WARN_INFINITE_RECURSION = YES;
				CLANG_WARN_INT_CONVERSION = YES;
				CLANG_WARN_NON_LITERAL_NULL_CONVERSION = YES;
				CLANG_WARN_OBJC_IMPLICIT_RETAIN_SELF = YES;
				CLANG_WARN_OBJC_LITERAL_CONVERSION = YES;
				CLANG_WARN_OBJC_ROOT_CLASS = YES_ERROR;
				CLANG_WARN_QUOTED_INCLUDE_IN_FRAMEWORK_HEADER = YES;
				CLANG_WARN_RANGE_LOOP_ANALYSIS = YES;
				CLANG_WARN_STRICT_PROTOTYPES = YES;
				CLANG_WARN_SUSPICIOUS_MOVE = YES;
				CLANG_WARN_UNGUARDED_AVAILABILITY = YES_AGGRESSIVE;
				CLANG_WARN_UNREACHABLE_CODE = YES;
				CLANG_WARN__DUPLICATE_METHOD_MATCH = YES;
				COPY_PHASE_STRIP = NO;
				DEBUG_INFORMATION_FORMAT = "dwarf-with-dsym";
				ENABLE_NS_ASSERTIONS = NO;
				ENABLE_STRICT_OBJC_MSGSEND = YES;
				GCC_C_LANGUAGE_STANDARD = gnu11;
				GCC_NO_COMMON_BLOCKS = YES;
				GCC_WARN_64_TO_32_BIT_CONVERSION = YES;
				GCC_WARN_ABOUT_RETURN_TYPE = YES_ERROR;
				GCC_WARN_UNDECLARED_SELECTOR = YES;
				GCC_WARN_UNINITIALIZED_AUTOS = YES_AGGRESSIVE;
				GCC_WARN_UNUSED_FUNCTION = YES;
				GCC_WARN_UNUSED_VARIABLE = YES;
				IPHONEOS_DEPLOYMENT_TARGET = 14.1;
				MTL_ENABLE_DEBUG_INFO = NO;
				MTL_FAST_MATH = YES;
				SDKROOT = iphoneos;
				SWIFT_COMPILATION_MODE = wholemodule;
				SWIFT_OPTIMIZATION_LEVEL = "-O";
				VALIDATE_PRODUCT = YES;
			};
			name = Release;
		};
		7555FFA6242A565B00829871 /* Debug */ = {
			isa = XCBuildConfiguration;
			buildSettings = {
				ASSETCATALOG_COMPILER_APPICON_NAME = AppIcon;
				CODE_SIGN_STYLE = Automatic;
				DEVELOPMENT_ASSET_PATHS = "\"iosApp/Preview Content\"";
				ENABLE_PREVIEWS = YES;
				FRAMEWORK_SEARCH_PATHS = (
					"$(inherited)",
					"$(SRCROOT)/../shared/build/xcode-frameworks/$(CONFIGURATION)/$(SDK_NAME)",
				);
				INFOPLIST_FILE = iosApp/Info.plist;
				IPHONEOS_DEPLOYMENT_TARGET = 16.0;
				LD_RUNPATH_SEARCH_PATHS = (
					"$(inherited)",
					"@executable_path/Frameworks",
				);
				OTHER_LDFLAGS = (
					"$(inherited)",
					"-framework",
					shared,
				);
				PRODUCT_BUNDLE_IDENTIFIER = orgIdentifier.iosApp;
				PRODUCT_NAME = "$(TARGET_NAME)";
				SWIFT_VERSION = 5.0;
				TARGETED_DEVICE_FAMILY = "1,2";
			};
			name = Debug;
		};
		7555FFA7242A565B00829871 /* Release */ = {
			isa = XCBuildConfiguration;
			buildSettings = {
				ASSETCATALOG_COMPILER_APPICON_NAME = AppIcon;
				CODE_SIGN_STYLE = Automatic;
				DEVELOPMENT_ASSET_PATHS = "\"iosApp/Preview Content\"";
				ENABLE_PREVIEWS = YES;
				FRAMEWORK_SEARCH_PATHS = (
					"$(inherited)",
					"$(SRCROOT)/../shared/build/xcode-frameworks/$(CONFIGURATION)/$(SDK_NAME)",
				);
				INFOPLIST_FILE = iosApp/Info.plist;
				IPHONEOS_DEPLOYMENT_TARGET = 16.0;
				LD_RUNPATH_SEARCH_PATHS = (
					"$(inherited)",
					"@executable_path/Frameworks",
				);
				OTHER_LDFLAGS = (
					"$(inherited)",
					"-framework",
					shared,
				);
				PRODUCT_BUNDLE_IDENTIFIER = orgIdentifier.iosApp;
				PRODUCT_NAME = "$(TARGET_NAME)";
				SWIFT_VERSION = 5.0;
				TARGETED_DEVICE_FAMILY = "1,2";
			};
			name = Release;
		};
/* End XCBuildConfiguration section */

/* Begin XCConfigurationList section */
		7555FF76242A565900829871 /* Build configuration list for PBXProject "iosApp" */ = {
			isa = XCConfigurationList;
			buildConfigurations = (
				7555FFA3242A565B00829871 /* Debug */,
				7555FFA4242A565B00829871 /* Release */,
			);
			defaultConfigurationIsVisible = 0;
			defaultConfigurationName = Release;
		};
		7555FFA5242A565B00829871 /* Build configuration list for PBXNativeTarget "iosApp" */ = {
			isa = XCConfigurationList;
			buildConfigurations = (
				7555FFA6242A565B00829871 /* Debug */,
				7555FFA7242A565B00829871 /* Release */,
			);
			defaultConfigurationIsVisible = 0;
			defaultConfigurationName = Release;
		};
/* End XCConfigurationList section */

/* Begin XCRemoteSwiftPackageReference section */
		FBBB7BFA2C9FDCAE00FA5071 /* XCRemoteSwiftPackageReference "SDWebImage" */ = {
			isa = XCRemoteSwiftPackageReference;
			repositoryURL = "https://github.com/SDWebImage/SDWebImage.git";
			requirement = {
				kind = exactVersion;
				version = 5.19.7;
			};
		};
		FBBB7BFF2C9FDD4400FA5071 /* XCRemoteSwiftPackageReference "SDWebImageSwiftUI" */ = {
			isa = XCRemoteSwiftPackageReference;
			repositoryURL = "https://github.com/SDWebImage/SDWebImageSwiftUI";
			requirement = {
				kind = upToNextMajorVersion;
				minimumVersion = 3.1.2;
			};
		};
		FBBB7C022C9FDD8600FA5071 /* XCRemoteSwiftPackageReference "SDWebImageSVGCoder" */ = {
			isa = XCRemoteSwiftPackageReference;
			repositoryURL = "https://github.com/SDWebImage/SDWebImageSVGCoder";
			requirement = {
				kind = upToNextMajorVersion;
				minimumVersion = 1.7.0;
			};
		};
		FBBB7C122CA031F200FA5071 /* XCRemoteSwiftPackageReference "KMP-NativeCoroutines" */ = {
			isa = XCRemoteSwiftPackageReference;
			repositoryURL = "https://github.com/rickclephas/KMP-NativeCoroutines.git";
			requirement = {
				kind = exactVersion;
				version = "1.0.0-ALPHA-35";
			};
		};
		FBBB7C1B2CA03E7D00FA5071 /* XCRemoteSwiftPackageReference "KMP-ObservableViewModel" */ = {
			isa = XCRemoteSwiftPackageReference;
			repositoryURL = "https://github.com/rickclephas/KMP-ObservableViewModel";
			requirement = {
				kind = exactVersion;
				version = "1.0.0-BETA-5";
			};
		};
/* End XCRemoteSwiftPackageReference section */

/* Begin XCSwiftPackageProductDependency section */
		FBBB7BFB2C9FDCAE00FA5071 /* SDWebImage */ = {
			isa = XCSwiftPackageProductDependency;
			package = FBBB7BFA2C9FDCAE00FA5071 /* XCRemoteSwiftPackageReference "SDWebImage" */;
			productName = SDWebImage;
		};
		FBBB7BFD2C9FDCAE00FA5071 /* SDWebImageMapKit */ = {
			isa = XCSwiftPackageProductDependency;
			package = FBBB7BFA2C9FDCAE00FA5071 /* XCRemoteSwiftPackageReference "SDWebImage" */;
			productName = SDWebImageMapKit;
		};
		FBBB7C002C9FDD4400FA5071 /* SDWebImageSwiftUI */ = {
			isa = XCSwiftPackageProductDependency;
			package = FBBB7BFF2C9FDD4400FA5071 /* XCRemoteSwiftPackageReference "SDWebImageSwiftUI" */;
			productName = SDWebImageSwiftUI;
		};
		FBBB7C032C9FDD8600FA5071 /* SDWebImageSVGCoder */ = {
			isa = XCSwiftPackageProductDependency;
			package = FBBB7C022C9FDD8600FA5071 /* XCRemoteSwiftPackageReference "SDWebImageSVGCoder" */;
			productName = SDWebImageSVGCoder;
		};
		FBBB7C132CA031F200FA5071 /* KMPNativeCoroutinesAsync */ = {
			isa = XCSwiftPackageProductDependency;
			package = FBBB7C122CA031F200FA5071 /* XCRemoteSwiftPackageReference "KMP-NativeCoroutines" */;
			productName = KMPNativeCoroutinesAsync;
		};
		FBBB7C152CA031F200FA5071 /* KMPNativeCoroutinesCombine */ = {
			isa = XCSwiftPackageProductDependency;
			package = FBBB7C122CA031F200FA5071 /* XCRemoteSwiftPackageReference "KMP-NativeCoroutines" */;
			productName = KMPNativeCoroutinesCombine;
		};
		FBBB7C172CA031F200FA5071 /* KMPNativeCoroutinesCore */ = {
			isa = XCSwiftPackageProductDependency;
			package = FBBB7C122CA031F200FA5071 /* XCRemoteSwiftPackageReference "KMP-NativeCoroutines" */;
			productName = KMPNativeCoroutinesCore;
		};
		FBBB7C192CA031F200FA5071 /* KMPNativeCoroutinesRxSwift */ = {
			isa = XCSwiftPackageProductDependency;
			package = FBBB7C122CA031F200FA5071 /* XCRemoteSwiftPackageReference "KMP-NativeCoroutines" */;
			productName = KMPNativeCoroutinesRxSwift;
		};
		FBBB7C1C2CA03E7D00FA5071 /* KMPObservableViewModelCore */ = {
			isa = XCSwiftPackageProductDependency;
			package = FBBB7C1B2CA03E7D00FA5071 /* XCRemoteSwiftPackageReference "KMP-ObservableViewModel" */;
			productName = KMPObservableViewModelCore;
		};
		FBBB7C1E2CA03E7E00FA5071 /* KMPObservableViewModelSwiftUI */ = {
			isa = XCSwiftPackageProductDependency;
			package = FBBB7C1B2CA03E7D00FA5071 /* XCRemoteSwiftPackageReference "KMP-ObservableViewModel" */;
			productName = KMPObservableViewModelSwiftUI;
		};
/* End XCSwiftPackageProductDependency section */
	};
	rootObject = 7555FF73242A565900829871 /* Project object */;
}
